
Microsoft Visual Studio Solution File, Format Version 12.00
# Visual Studio Version 17
VisualStudioVersion = 17.9.34701.34
MinimumVisualStudioVersion = 10.0.40219.1
Project("{888888A0-9F3D-457C-B088-3A5042F75D52}") = "venatanaenblanco2", "venatanaenblanco2.pyproj", "{F332DE9D-FD3C-4948-BABD-B3698E4F3ADF}"
EndProject
Global
	GlobalSection(SolutionConfigurationPlatforms) = preSolution
		Debug|Any CPU = Debug|Any CPU
		Release|Any CPU = Release|Any CPU
	EndGlobalSection
	GlobalSection(ProjectConfigurationPlatforms) = postSolution
		{F332DE9D-FD3C-4948-BABD-B3698E4F3ADF}.Debug|Any CPU.ActiveCfg = Debug|Any CPU
		{F332DE9D-FD3C-4948-BABD-B3698E4F3ADF}.Release|Any CPU.ActiveCfg = Release|Any CPU
	EndGlobalSection
	GlobalSection(SolutionProperties) = preSolution
		HideSolutionNode = FALSE
	EndGlobalSection
	GlobalSection(ExtensibilityGlobals) = postSolution
		SolutionGuid = {478206D0-C2F7-4299-B1C3-C30B14D969D8}
	EndGlobalSection
EndGlobal
